// !$*UTF8*$!
{
	archiveVersion = 1;
	classes = {
	};
	objectVersion = 56;
	objects = {

/* Begin PBXBuildFile section */
		0A4FD6CDE85178D74C8844A8 /* libPods-AgriSenseMobile.a in Frameworks */ = {isa = PBXBuildFile; fileRef = C5710E04922817601AFC0D63 /* libPods-AgriSenseMobile.a */; };
		1A1A1A1A1A1A1A1A1A1A1A01 /* AppDelegate.m in Sources */ = {isa = PBXBuildFile; fileRef = 1A1A1A1A1A1A1A1A1A1A1A11 /* AppDelegate.m */; };
		1A1A1A1A1A1A1A1A1A1A1A02 /* main.m in Sources */ = {isa = PBXBuildFile; fileRef = 1A1A1A1A1A1A1A1A1A1A1A12 /* main.m */; };
		1A1A1A1A1A1A1A1A1A1A1A03 /* LaunchScreen.storyboard in Resources */ = {isa = PBXBuildFile; fileRef = 1A1A1A1A1A1A1A1A1A1A1A13 /* LaunchScreen.storyboard */; };
		1A1A1A1A1A1A1A1A1A1A1A04 /* Images.xcassets in Resources */ = {isa = PBXBuildFile; fileRef = 1A1A1A1A1A1A1A1A1A1A1A14 /* Images.xcassets */; };
		358BBA873FAF9FA044FA91F8 /* PrivacyInfo.xcprivacy in Resources */ = {isa = PBXBuildFile; fileRef = FF3CAE8FC327626C110B44C3 /* PrivacyInfo.xcprivacy */; };
		AABBCC001122AACC /* main.jsbundle in Resources */ = {isa = PBXBuildFile; fileRef = AABBCC001122AABB /* main.jsbundle */; };
/* End PBXBuildFile section */

/* Begin PBXFileReference section */
		0CD1FA7409BB3015791541DC /* Pods-AgriSenseMobile.debug.xcconfig */ = {isa = PBXFileReference; includeInIndex = 1; lastKnownFileType = text.xcconfig; name = "Pods-AgriSenseMobile.debug.xcconfig"; path = "Target Support Files/Pods-AgriSenseMobile/Pods-AgriSenseMobile.debug.xcconfig"; sourceTree = "<group>"; };
		1A1A1A1A1A1A1A1A1A1A1A10 /* AgriSenseMobile.app */ = {isa = PBXFileReference; explicitFileType = wrapper.application; includeInIndex = 0; path = AgriSenseMobile.app; sourceTree = BUILT_PRODUCTS_DIR; };
		1A1A1A1A1A1A1A1A1A1A1A11 /* AppDelegate.m */ = {isa = PBXFileReference; lastKnownFileType = sourcecode.c.objc; path = AppDelegate.m; sourceTree = "<group>"; };
		1A1A1A1A1A1A1A1A1A1A1A12 /* main.m */ = {isa = PBXFileReference; lastKnownFileType = sourcecode.c.objc; path = main.m; sourceTree = "<group>"; };
		1A1A1A1A1A1A1A1A1A1A1A13 /* LaunchScreen.storyboard */ = {isa = PBXFileReference; lastKnownFileType = file.storyboard; path = LaunchScreen.storyboard; sourceTree = "<group>"; };
		1A1A1A1A1A1A1A1A1A1A1A14 /* Images.xcassets */ = {isa = PBXFileReference; lastKnownFileType = folder.assetcatalog; path = Images.xcassets; sourceTree = "<group>"; };
		1A1A1A1A1A1A1A1A1A1A1A15 /* Info.plist */ = {isa = PBXFileReference; lastKnownFileType = text.plist.xml; path = Info.plist; sourceTree = "<group>"; };
		AABBCC001122AABB /* main.jsbundle */ = {isa = PBXFileReference; fileEncoding = 4; lastKnownFileType = text; name = main.jsbundle; path = main.jsbundle; sourceTree = "<group>"; };
		B6931AD253EDE77FCEBB90D5 /* Pods-AgriSenseMobile.release.xcconfig */ = {isa = PBXFileReference; includeInIndex = 1; lastKnownFileType = text.xcconfig; name = "Pods-AgriSenseMobile.release.xcconfig"; path = "Target Support Files/Pods-AgriSenseMobile/Pods-AgriSenseMobile.release.xcconfig"; sourceTree = "<group>"; };
		C5710E04922817601AFC0D63 /* libPods-AgriSenseMobile.a */ = {isa = PBXFileReference; explicitFileType = archive.ar; includeInIndex = 0; path = "libPods-AgriSenseMobile.a"; sourceTree = BUILT_PRODUCTS_DIR; };
		FF3CAE8FC327626C110B44C3 /* PrivacyInfo.xcprivacy */ = {isa = PBXFileReference; includeInIndex = 1; lastKnownFileType = text; name = PrivacyInfo.xcprivacy; path = ../PrivacyInfo.xcprivacy; sourceTree = "<group>"; };
/* End PBXFileReference section */

/* Begin PBXFrameworksBuildPhase section */
		1A1A1A1A1A1A1A1A1A1A1A32 /* Frameworks */ = {
			isa = PBXFrameworksBuildPhase;
			buildActionMask = 2147483647;
			files = (
				0A4FD6CDE85178D74C8844A8 /* libPods-AgriSenseMobile.a in Frameworks */,
			);
			runOnlyForDeploymentPostprocessing = 0;
		};
/* End PBXFrameworksBuildPhase section */

/* Begin PBXGroup section */
		1A1A1A1A1A1A1A1A1A1A1A16 /* Products */ = {
			isa = PBXGroup;
			children = (
				1A1A1A1A1A1A1A1A1A1A1A10 /* AgriSenseMobile.app */,
			);
			name = Products;
			sourceTree = "<group>";
		};
		1A1A1A1A1A1A1A1A1A1A1A20 = {
			isa = PBXGroup;
			children = (
				1A1A1A1A1A1A1A1A1A1A1A21 /* AgriSenseMobile */,
				1A1A1A1A1A1A1A1A1A1A1A16 /* Products */,
				C18A5F743CB8F7A7BB65E095 /* Pods */,
				A1509624D36A0C7A61EEA3AC /* Frameworks */,
			);
			sourceTree = "<group>";
		};
		1A1A1A1A1A1A1A1A1A1A1A21 /* AgriSenseMobile */ = {
			isa = PBXGroup;
			children = (
				AABBCC001122AABB /* main.jsbundle */,
				1A1A1A1A1A1A1A1A1A1A1A11 /* AppDelegate.m */,
				1A1A1A1A1A1A1A1A1A1A1A12 /* main.m */,
				1A1A1A1A1A1A1A1A1A1A1A13 /* LaunchScreen.storyboard */,
				1A1A1A1A1A1A1A1A1A1A1A14 /* Images.xcassets */,
				1A1A1A1A1A1A1A1A1A1A1A15 /* Info.plist */,
				FF3CAE8FC327626C110B44C3 /* PrivacyInfo.xcprivacy */,
			);
			path = AgriSenseMobile;
			sourceTree = "<group>";
		};
		A1509624D36A0C7A61EEA3AC /* Frameworks */ = {
			isa = PBXGroup;
			children = (
				C5710E04922817601AFC0D63 /* libPods-AgriSenseMobile.a */,
			);
			name = Frameworks;
			sourceTree = "<group>";
		};
		C18A5F743CB8F7A7BB65E095 /* Pods */ = {
			isa = PBXGroup;
			children = (
				0CD1FA7409BB3015791541DC /* Pods-AgriSenseMobile.debug.xcconfig */,
				B6931AD253EDE77FCEBB90D5 /* Pods-AgriSenseMobile.release.xcconfig */,
			);
			path = Pods;
			sourceTree = "<group>";
		};
/* End PBXGroup section */

/* Begin PBXNativeTarget section */
		1A1A1A1A1A1A1A1A1A1A1A30 /* AgriSenseMobile */ = {
			isa = PBXNativeTarget;
			buildConfigurationList = 1A1A1A1A1A1A1A1A1A1A1A40 /* Build configuration list for PBXNativeTarget "AgriSenseMobile" */;
			buildPhases = (
				51E795CCE8A21AA5290CCB63 /* [CP] Check Pods Manifest.lock */,
				1A1A1A1A1A1A1A1A1A1A1A31 /* Sources */,
				1A1A1A1A1A1A1A1A1A1A1A32 /* Frameworks */,
				1A1A1A1A1A1A1A1A1A1A1A33 /* Resources */,
				D4A95D81C88F4B54A6077F31 /* Bundle React Native code and images */,
				FD4B940E8B96ED4E9CBB43A1 /* [CP] Embed Pods Frameworks */,
				5761B92F3000EE9F7A94F24B /* [CP] Copy Pods Resources */,
			);
			buildRules = (
			);
			dependencies = (
			);
			name = AgriSenseMobile;
			productName = AgriSenseMobile;
			productReference = 1A1A1A1A1A1A1A1A1A1A1A10 /* AgriSenseMobile.app */;
			productType = "com.apple.product-type.application";
		};
/* End PBXNativeTarget section */

/* Begin PBXProject section */
		1A1A1A1A1A1A1A1A1A1A1A50 /* Project object */ = {
			isa = PBXProject;
			attributes = {
				LastUpgradeCheck = 1500;
				TargetAttributes = {
					1A1A1A1A1A1A1A1A1A1A1A30 = {
						CreatedOnToolsVersion = 15.0;
					};
				};
			};
			buildConfigurationList = 1A1A1A1A1A1A1A1A1A1A1A41 /* Build configuration list for PBXProject "AgriSenseMobile" */;
			compatibilityVersion = "Xcode 14.0";
			developmentRegion = en;
			hasScannedForEncodings = 0;
			knownRegions = (
				en,
				Base,
			);
			mainGroup = 1A1A1A1A1A1A1A1A1A1A1A20;
			productRefGroup = 1A1A1A1A1A1A1A1A1A1A1A16 /* Products */;
			projectDirPath = "";
			projectRoot = "";
			targets = (
				1A1A1A1A1A1A1A1A1A1A1A30 /* AgriSenseMobile */,
			);
		};
/* End PBXProject section */

/* Begin PBXResourcesBuildPhase section */
		1A1A1A1A1A1A1A1A1A1A1A33 /* Resources */ = {
			isa = PBXResourcesBuildPhase;
			buildActionMask = 2147483647;
			files = (
				AABBCC001122AACC /* main.jsbundle in Resources */,
				1A1A1A1A1A1A1A1A1A1A1A03 /* LaunchScreen.storyboard in Resources */,
				1A1A1A1A1A1A1A1A1A1A1A04 /* Images.xcassets in Resources */,
				358BBA873FAF9FA044FA91F8 /* PrivacyInfo.xcprivacy in Resources */,
			);
			runOnlyForDeploymentPostprocessing = 0;
		};
/* End PBXResourcesBuildPhase section */

/* Begin PBXShellScriptBuildPhase section */
		51E795CCE8A21AA5290CCB63 /* [CP] Check Pods Manifest.lock */ = {
			isa = PBXShellScriptBuildPhase;
			buildActionMask = 2147483647;
			files = (
			);
			inputFileListPaths = (
			);
			inputPaths = (
				"${PODS_PODFILE_DIR_PATH}/Podfile.lock",
				"${PODS_ROOT}/Manifest.lock",
			);
			name = "[CP] Check Pods Manifest.lock";
			outputFileListPaths = (
			);
			outputPaths = (
				"$(DERIVED_FILE_DIR)/Pods-AgriSenseMobile-checkManifestLockResult.txt",
			);
			runOnlyForDeploymentPostprocessing = 0;
			shellPath = /bin/sh;
			shellScript = "diff \"${PODS_PODFILE_DIR_PATH}/Podfile.lock\" \"${PODS_ROOT}/Manifest.lock\" > /dev/null\nif [ $? != 0 ] ; then\n    # print error to STDERR\n    echo \"error: The sandbox is not in sync with the Podfile.lock. Run 'pod install' or update your CocoaPods installation.\" >&2\n    exit 1\nfi\n# This output is used by Xcode 'outputs' to avoid re-running this script phase.\necho \"SUCCESS\" > \"${SCRIPT_OUTPUT_FILE_0}\"\n";
			showEnvVarsInLog = 0;
		};
		5761B92F3000EE9F7A94F24B /* [CP] Copy Pods Resources */ = {
			isa = PBXShellScriptBuildPhase;
			buildActionMask = 2147483647;
			files = (
			);
			inputFileListPaths = (
				"${PODS_ROOT}/Target Support Files/Pods-AgriSenseMobile/Pods-AgriSenseMobile-resources-${CONFIGURATION}-input-files.xcfilelist",
			);
			name = "[CP] Copy Pods Resources";
			outputFileListPaths = (
				"${PODS_ROOT}/Target Support Files/Pods-AgriSenseMobile/Pods-AgriSenseMobile-resources-${CONFIGURATION}-output-files.xcfilelist",
			);
			runOnlyForDeploymentPostprocessing = 0;
			shellPath = /bin/sh;
			shellScript = "\"${PODS_ROOT}/Target Support Files/Pods-AgriSenseMobile/Pods-AgriSenseMobile-resources.sh\"\n";
			showEnvVarsInLog = 0;
		};
		D4A95D81C88F4B54A6077F31 /* Bundle React Native code and images */ = {
			isa = PBXShellScriptBuildPhase;
			buildActionMask = 2147483647;
			files = (
			);
			inputFileListPaths = (
			);
			inputPaths = (
				"$(SRCROOT)/.xcode.env.local",
				"$(SRCROOT)/.xcode.env",
			);
			name = "Bundle React Native code and images";
			outputFileListPaths = (
			);
			outputPaths = (
			);
			runOnlyForDeploymentPostprocessing = 0;
			shellPath = /bin/sh;
			shellScript = "set -e\nexport NODE_BINARY=node\n../node_modules/react-native/scripts/react-native-xcode.sh\n";
		};
		FD4B940E8B96ED4E9CBB43A1 /* [CP] Embed Pods Frameworks */ = {
			isa = PBXShellScriptBuildPhase;
			buildActionMask = 2147483647;
			files = (
			);
			inputFileListPaths = (
				"${PODS_ROOT}/Target Support Files/Pods-AgriSenseMobile/Pods-AgriSenseMobile-frameworks-${CONFIGURATION}-input-files.xcfilelist",
			);
			name = "[CP] Embed Pods Frameworks";
			outputFileListPaths = (
				"${PODS_ROOT}/Target Support Files/Pods-AgriSenseMobile/Pods-AgriSenseMobile-frameworks-${CONFIGURATION}-output-files.xcfilelist",
			);
			runOnlyForDeploymentPostprocessing = 0;
			shellPath = /bin/sh;
			shellScript = "\"${PODS_ROOT}/Target Support Files/Pods-AgriSenseMobile/Pods-AgriSenseMobile-frameworks.sh\"\n";
			showEnvVarsInLog = 0;
		};
/* End PBXShellScriptBuildPhase section */

/* Begin PBXSourcesBuildPhase section */
		1A1A1A1A1A1A1A1A1A1A1A31 /* Sources */ = {
			isa = PBXSourcesBuildPhase;
			buildActionMask = 2147483647;
			files = (
				1A1A1A1A1A1A1A1A1A1A1A01 /* AppDelegate.m in Sources */,
				1A1A1A1A1A1A1A1A1A1A1A02 /* main.m in Sources */,
			);
			runOnlyForDeploymentPostprocessing = 0;
		};
/* End PBXSourcesBuildPhase section */

/* Begin XCBuildConfiguration section */
		1A1A1A1A1A1A1A1A1A1A1A60 /* Debug */ = {
			isa = XCBuildConfiguration;
			buildSettings = {
				ALWAYS_SEARCH_USER_PATHS = NO;
				CLANG_CXX_LANGUAGE_STANDARD = "c++20";
				CLANG_ENABLE_MODULES = YES;
				CLANG_ENABLE_OBJC_ARC = YES;
				CLANG_WARN_QUOTED_INCLUDE_IN_FRAMEWORK_HEADER = YES;
				CODE_SIGN_STYLE = Automatic;
				CURRENT_PROJECT_VERSION = 1;
				DEVELOPMENT_TEAM = 919676223144;
				ENABLE_BITCODE = NO;
				"EXCLUDED_ARCHS[sdk=iphonesimulator*]" = "i386 x86_64";
				GCC_C_LANGUAGE_STANDARD = gnu11;
				INFOPLIST_FILE = AgriSenseMobile/Info.plist;
				IPHONEOS_DEPLOYMENT_TARGET = 15.0;
				LD_RUNPATH_SEARCH_PATHS = (
					"$(inherited)",
					"@executable_path/Frameworks",
				);
				MARKETING_VERSION = 1.0.0;
				OTHER_CFLAGS = "$(inherited)";
				OTHER_CPLUSPLUSFLAGS = "$(inherited)";
				OTHER_LDFLAGS = (
					"$(inherited)",
					" ",
				);
				PRODUCT_BUNDLE_IDENTIFIER = com.tejaswini.AgriSenseMobile;
				PRODUCT_NAME = AgriSenseMobile;
				REACT_NATIVE_PATH = "${PODS_ROOT}/../../node_modules/react-native";
				SDKROOT = iphoneos;
				SWIFT_VERSION = 5.0;
				TARGETED_DEVICE_FAMILY = "1,2";
				USE_HERMES = true;
				VALIDATE_PRODUCT = YES;
			};
			name = Debug;
		};
		1A1A1A1A1A1A1A1A1A1A1A61 /* Release */ = {
			isa = XCBuildConfiguration;
			buildSettings = {
				ALWAYS_SEARCH_USER_PATHS = NO;
				CLANG_CXX_LANGUAGE_STANDARD = "c++20";
				CLANG_ENABLE_MODULES = YES;
				CLANG_ENABLE_OBJC_ARC = YES;
				CLANG_WARN_QUOTED_INCLUDE_IN_FRAMEWORK_HEADER = YES;
				CODE_SIGN_STYLE = Automatic;
				CURRENT_PROJECT_VERSION = 1;
				DEVELOPMENT_TEAM = 919676223144;
				ENABLE_BITCODE = NO;
				"EXCLUDED_ARCHS[sdk=iphonesimulator*]" = "i386 x86_64";
				GCC_C_LANGUAGE_STANDARD = gnu11;
				INFOPLIST_FILE = AgriSenseMobile/Info.plist;
				IPHONEOS_DEPLOYMENT_TARGET = 15.0;
				LD_RUNPATH_SEARCH_PATHS = (
					"$(inherited)",
					"@executable_path/Frameworks",
				);
				MARKETING_VERSION = 1.0.0;
				OTHER_CFLAGS = "$(inherited)";
				OTHER_CPLUSPLUSFLAGS = "$(inherited)";
				OTHER_LDFLAGS = (
					"$(inherited)",
					" ",
				);
				PRODUCT_BUNDLE_IDENTIFIER = com.tejaswini.AgriSenseMobile;
				PRODUCT_NAME = AgriSenseMobile;
				REACT_NATIVE_PATH = "${PODS_ROOT}/../../node_modules/react-native";
				SDKROOT = iphoneos;
				SWIFT_VERSION = 5.0;
				TARGETED_DEVICE_FAMILY = "1,2";
				USE_HERMES = true;
				VALIDATE_PRODUCT = YES;
			};
			name = Release;
		};
		1A1A1A1A1A1A1A1A1A1A1A62 /* Debug */ = {
			isa = XCBuildConfiguration;
			baseConfigurationReference = 0CD1FA7409BB3015791541DC /* Pods-AgriSenseMobile.debug.xcconfig */;
			buildSettings = {
				ASSETCATALOG_COMPILER_APPICON_NAME = AppIcon;
				CLANG_ENABLE_MODULES = YES;
				CODE_SIGN_STYLE = Automatic;
				CURRENT_PROJECT_VERSION = 1;
				DEVELOPMENT_TEAM = BS96STJ4TL;
				ENABLE_BITCODE = NO;
				GCC_C_LANGUAGE_STANDARD = gnu11;
				INFOPLIST_FILE = AgriSenseMobile/Info.plist;
				IPHONEOS_DEPLOYMENT_TARGET = 15.0;
				LD_RUNPATH_SEARCH_PATHS = (
					"$(inherited)",
					"@executable_path/Frameworks",
				);
				MARKETING_VERSION = 1.0.0;
				PRODUCT_BUNDLE_IDENTIFIER = com.tejaswini.AgriSenseMobile;
				PRODUCT_NAME = AgriSenseMobile;
				SDKROOT = iphoneos;
				SWIFT_VERSION = 5.0;
				TARGETED_DEVICE_FAMILY = "1,2";
			};
			name = Debug;
		};
		1A1A1A1A1A1A1A1A1A1A1A63 /* Release */ = {
			isa = XCBuildConfiguration;
			baseConfigurationReference = B6931AD253EDE77FCEBB90D5 /* Pods-AgriSenseMobile.release.xcconfig */;
			buildSettings = {
				ASSETCATALOG_COMPILER_APPICON_NAME = AppIcon;
				CLANG_ENABLE_MODULES = YES;
				CODE_SIGN_STYLE = Automatic;
				CURRENT_PROJECT_VERSION = 1;
				DEVELOPMENT_TEAM = BS96STJ4TL;
				ENABLE_BITCODE = NO;
				GCC_C_LANGUAGE_STANDARD = gnu11;
				INFOPLIST_FILE = AgriSenseMobile/Info.plist;
				IPHONEOS_DEPLOYMENT_TARGET = 15.0;
				LD_RUNPATH_SEARCH_PATHS = (
					"$(inherited)",
					"@executable_path/Frameworks",
				);
				MARKETING_VERSION = 1.0.0;
				PRODUCT_BUNDLE_IDENTIFIER = com.tejaswini.AgriSenseMobile;
				PRODUCT_NAME = AgriSenseMobile;
				SDKROOT = iphoneos;
				SWIFT_VERSION = 5.0;
				TARGETED_DEVICE_FAMILY = "1,2";
			};
			name = Release;
		};
/* End XCBuildConfiguration section */

/* Begin XCConfigurationList section */
		1A1A1A1A1A1A1A1A1A1A1A40 /* Build configuration list for PBXNativeTarget "AgriSenseMobile" */ = {
			isa = XCConfigurationList;
			buildConfigurations = (
				1A1A1A1A1A1A1A1A1A1A1A62 /* Debug */,
				1A1A1A1A1A1A1A1A1A1A1A63 /* Release */,
			);
			defaultConfigurationIsVisible = 0;
			defaultConfigurationName = Release;
		};
		1A1A1A1A1A1A1A1A1A1A1A41 /* Build configuration list for PBXProject "AgriSenseMobile" */ = {
			isa = XCConfigurationList;
			buildConfigurations = (
				1A1A1A1A1A1A1A1A1A1A1A60 /* Debug */,
				1A1A1A1A1A1A1A1A1A1A1A61 /* Release */,
			);
			defaultConfigurationIsVisible = 0;
			defaultConfigurationName = Release;
		};
/* End XCConfigurationList section */
	};
	rootObject = 1A1A1A1A1A1A1A1A1A1A1A50 /* Project object */;
}
